{
  "name": "stencil-tailwind",
  "version": "0.0.1",
  "lockfileVersion": 1,
  "requires": true,
  "dependencies": {
    "@stencil/core": {
      "version": "1.16.3",
      "resolved": "https://registry.npmjs.org/@stencil/core/-/core-1.16.3.tgz",
      "integrity": "sha512-58AwSCktkDKXc45U0Q+AXvWtmEAZs37DOt9SC2LEypYL6YnVHGiL2lekbvA5R3JYzPFVasg+vmDHVouqSr/zMA==",
      "dev": true,
      "requires": {
        "typescript": "3.9.6"
      }
    },
    "typescript": {
      "version": "3.9.6",
      "resolved": "https://registry.npmjs.org/typescript/-/typescript-3.9.6.tgz",
      "integrity": "sha512-Pspx3oKAPJtjNwE92YS05HQoY7z2SFyOpHo9MqJor3BXAGNaPUs83CuVp9VISFkSjyRfiTpmKuAYGJB7S7hOxw==",
      "dev": true
    }
  }
}
